
Microsoft Visual Studio Solution File, Format Version 12.00
# Visual Studio Version 17
VisualStudioVersion = 17.8.34601.278
MinimumVisualStudioVersion = 10.0.40219.1
Project("{FAE04EC0-301F-11D3-BF4B-00C04F79EFBC}") = "WebAPI", "WebAPI\WebAPI.csproj", "{C920CC1B-59C1-4811-9CC4-4D39AB28B594}"
EndProject
Project("{2150E333-8FDC-42A3-9474-1A3956D46DE8}") = "Frontend", "Frontend", "{AB5BECB7-D0E4-4DDC-B84D-8E148F2A70FA}"
EndProject
Project("{2150E333-8FDC-42A3-9474-1A3956D46DE8}") = "Services", "Services", "{9F58632E-48A5-4442-8C43-4B3FA2A9286B}"
EndProject
Global
	GlobalSection(SolutionConfigurationPlatforms) = preSolution
		Debug|Any CPU = Debug|Any CPU
		Release|Any CPU = Release|Any CPU
	EndGlobalSection
	GlobalSection(ProjectConfigurationPlatforms) = postSolution
		{C920CC1B-59C1-4811-9CC4-4D39AB28B594}.Debug|Any CPU.ActiveCfg = Debug|Any CPU
		{C920CC1B-59C1-4811-9CC4-4D39AB28B594}.Debug|Any CPU.Build.0 = Debug|Any CPU
		{C920CC1B-59C1-4811-9CC4-4D39AB28B594}.Release|Any CPU.ActiveCfg = Release|Any CPU
		{C920CC1B-59C1-4811-9CC4-4D39AB28B594}.Release|Any CPU.Build.0 = Release|Any CPU
	EndGlobalSection
	GlobalSection(SolutionProperties) = preSolution
		HideSolutionNode = FALSE
	EndGlobalSection
	GlobalSection(NestedProjects) = preSolution
		{C920CC1B-59C1-4811-9CC4-4D39AB28B594} = {9F58632E-48A5-4442-8C43-4B3FA2A9286B}
	EndGlobalSection
	GlobalSection(ExtensibilityGlobals) = postSolution
		SolutionGuid = {51DA56CA-5E05-4E92-89F8-0013B6876817}
	EndGlobalSection
EndGlobal
